
Microsoft Visual Studio Solution File, Format Version 12.00
# Visual Studio 15
VisualStudioVersion = 15.0.27703.2042
MinimumVisualStudioVersion = 10.0.40219.1
Project("{FAE04EC0-301F-11D3-BF4B-00C04F79EFBC}") = "WCFTest", "WCFTest\WCFTest.csproj", "{B21FEBE3-13B9-4142-9BB9-F3C1FAFB22FC}"
EndProject
Project("{FAE04EC0-301F-11D3-BF4B-00C04F79EFBC}") = "WCFClient", "WCFClient\WCFClient.csproj", "{404A82A1-9DCB-45EC-B0BE-70DDB3A041C1}"
EndProject
Project("{FAE04EC0-301F-11D3-BF4B-00C04F79EFBC}") = "WCFContracts", "WCFContracts\WCFContracts.csproj", "{B244A066-3A0D-4A02-8551-62FFCB187FCC}"
EndProject
Global
	GlobalSection(SolutionConfigurationPlatforms) = preSolution
		Debug|Any CPU = Debug|Any CPU
		Release|Any CPU = Release|Any CPU
	EndGlobalSection
	GlobalSection(ProjectConfigurationPlatforms) = postSolution
		{B21FEBE3-13B9-4142-9BB9-F3C1FAFB22FC}.Debug|Any CPU.ActiveCfg = Debug|Any CPU
		{B21FEBE3-13B9-4142-9BB9-F3C1FAFB22FC}.Debug|Any CPU.Build.0 = Debug|Any CPU
		{B21FEBE3-13B9-4142-9BB9-F3C1FAFB22FC}.Release|Any CPU.ActiveCfg = Release|Any CPU
		{B21FEBE3-13B9-4142-9BB9-F3C1FAFB22FC}.Release|Any CPU.Build.0 = Release|Any CPU
		{404A82A1-9DCB-45EC-B0BE-70DDB3A041C1}.Debug|Any CPU.ActiveCfg = Debug|Any CPU
		{404A82A1-9DCB-45EC-B0BE-70DDB3A041C1}.Debug|Any CPU.Build.0 = Debug|Any CPU
		{404A82A1-9DCB-45EC-B0BE-70DDB3A041C1}.Release|Any CPU.ActiveCfg = Release|Any CPU
		{404A82A1-9DCB-45EC-B0BE-70DDB3A041C1}.Release|Any CPU.Build.0 = Release|Any CPU
		{B244A066-3A0D-4A02-8551-62FFCB187FCC}.Debug|Any CPU.ActiveCfg = Debug|Any CPU
		{B244A066-3A0D-4A02-8551-62FFCB187FCC}.Debug|Any CPU.Build.0 = Debug|Any CPU
		{B244A066-3A0D-4A02-8551-62FFCB187FCC}.Release|Any CPU.ActiveCfg = Release|Any CPU
		{B244A066-3A0D-4A02-8551-62FFCB187FCC}.Release|Any CPU.Build.0 = Release|Any CPU
	EndGlobalSection
	GlobalSection(SolutionProperties) = preSolution
		HideSolutionNode = FALSE
	EndGlobalSection
	GlobalSection(ExtensibilityGlobals) = postSolution
		SolutionGuid = {AB994CEF-BD1A-48A2-96C9-8597ECB94FDB}
	EndGlobalSection
EndGlobal
